// !$*UTF8*$!
{
	archiveVersion = 1;
	classes = {
	};
	objectVersion = 77;
	objects = {

/* Begin PBXBuildFile section */
		3C10F924338CD75CE93EBF4D /* GoogleService-Info.plist in Resources */ = {isa = PBXBuildFile; fileRef = 16B728161DF293C8C30AB7C8 /* GoogleService-Info.plist */; };
		9520359D3028CA72007394C2 /* FirebaseMessaging in Frameworks */ = {isa = PBXBuildFile; productRef = 9520359C3028CA72007394C2 /* FirebaseMessaging */; };
		95692F3E2FC26CBB00112CE6 /* CLAUDE.md in Resources */ = {isa = PBXBuildFile; fileRef = 95692F3D2FC26CBB00112CE6 /* CLAUDE.md */; };
		956D581B2FC3A8F300E2503F /* SkyScopeApp.swift in Sources */ = {isa = PBXBuildFile; fileRef = 956D581A2FC3A8F300E2503F /* SkyScopeApp.swift */; };
		956D581D2FC3A8FC00E2503F /* ContentView.swift in Sources */ = {isa = PBXBuildFile; fileRef = 956D581C2FC3A8FC00E2503F /* ContentView.swift */; };
		956D58282FC3AED100E2503F /* ListView.swift in Sources */ = {isa = PBXBuildFile; fileRef = 956D58232FC3A96100E2503F /* ListView.swift */; };
		956D58292FC3AED100E2503F /* FlightAwareService.swift in Sources */ = {isa = PBXBuildFile; fileRef = 956D58162FC3A8B600E2503F /* FlightAwareService.swift */; };
		956D582A2FC3AED100E2503F /* MapView.swift in Sources */ = {isa = PBXBuildFile; fileRef = 956D58222FC3A94500E2503F /* MapView.swift */; };
		956D582B2FC3AED100E2503F /* AircraftAnnotation.swift in Sources */ = {isa = PBXBuildFile; fileRef = 956D58202FC3A91D00E2503F /* AircraftAnnotation.swift */; };
		956D582C2FC3AED100E2503F /* Aircraft.swift in Sources */ = {isa = PBXBuildFile; fileRef = 956D58102FC3A82100E2503F /* Aircraft.swift */; };
		956D582D2FC3AED100E2503F /* AppSettings.swift in Sources */ = {isa = PBXBuildFile; fileRef = 956D58122FC3A85200E2503F /* AppSettings.swift */; };
		956D582E2FC3AED100E2503F /* AircraftDetailSheet.swift in Sources */ = {isa = PBXBuildFile; fileRef = 956D58212FC3A92F00E2503F /* AircraftDetailSheet.swift */; };
		956D582F2FC3AED100E2503F /* FavoritesView.swift in Sources */ = {isa = PBXBuildFile; fileRef = 956D58242FC3A97A00E2503F /* FavoritesView.swift */; };
		956D58302FC3AED100E2503F /* AircraftDataStore.swift in Sources */ = {isa = PBXBuildFile; fileRef = 956D58192FC3A8E100E2503F /* AircraftDataStore.swift */; };
		956D58312FC3AED100E2503F /* LocationService.swift in Sources */ = {isa = PBXBuildFile; fileRef = 956D58142FC3A86B00E2503F /* LocationService.swift */; };
		956D58322FC3AED100E2503F /* WhatsOverMeIntent.swift in Sources */ = {isa = PBXBuildFile; fileRef = 956D58272FC3A9AC00E2503F /* WhatsOverMeIntent.swift */; };
		956D58332FC3AED100E2503F /* Favorite.swift in Sources */ = {isa = PBXBuildFile; fileRef = 956D58112FC3A82E00E2503F /* Favorite.swift */; };
		956D58342FC3AED100E2503F /* OpenSkyService.swift in Sources */ = {isa = PBXBuildFile; fileRef = 956D58152FC3A88B00E2503F /* OpenSkyService.swift */; };
		956D58352FC3AED100E2503F /* APIRouter.swift in Sources */ = {isa = PBXBuildFile; fileRef = 956D58172FC3A8CE00E2503F /* APIRouter.swift */; };
		956D58362FC3AED100E2503F /* SettingsView.swift in Sources */ = {isa = PBXBuildFile; fileRef = 956D58252FC3A98D00E2503F /* SettingsView.swift */; };
		956D58392FC488A500E2503F /* NavigationCoordinator.swift in Sources */ = {isa = PBXBuildFile; fileRef = 956D58382FC488A500E2503F /* NavigationCoordinator.swift */; };
		956D583B2FC508A000E2503F /* AdsbdbService.swift in Sources */ = {isa = PBXBuildFile; fileRef = 956D583A2FC508A000E2503F /* AdsbdbService.swift */; };
		956D583D2FC63F2800E2503F /* AircraftSilhouetteView.swift in Sources */ = {isa = PBXBuildFile; fileRef = 956D583C2FC63F2800E2503F /* AircraftSilhouetteView.swift */; };
		956D583F2FC6509600E2503F /* DebugWikipediaValidatorView.swift in Sources */ = {isa = PBXBuildFile; fileRef = 956D583E2FC6509600E2503F /* DebugWikipediaValidatorView.swift */; };
		95A084262FC8FBE7003034F6 /* LiveActivityManager.swift in Sources */ = {isa = PBXBuildFile; fileRef = 95A084252FC8FBE7003034F6 /* LiveActivityManager.swift */; };
		95B0EABA302A76DD002EBF33 /* FollowStore.swift in Sources */ = {isa = PBXBuildFile; fileRef = 95B0EAB9302A76DD002EBF33 /* FollowStore.swift */; };
		95B0EABC302A7E3C002EBF33 /* OnboardingView.swift in Sources */ = {isa = PBXBuildFile; fileRef = 95B0EABB302A7E3B002EBF33 /* OnboardingView.swift */; };
		95B0EABE302A7E50002EBF33 /* HelpView.swift in Sources */ = {isa = PBXBuildFile; fileRef = 95B0EABD302A7E50002EBF33 /* HelpView.swift */; };
		95B0EAC0302A7E6A002EBF33 /* FeedbackView.swift in Sources */ = {isa = PBXBuildFile; fileRef = 95B0EABF302A7E6A002EBF33 /* FeedbackView.swift */; };
		95B0EAC2302D2977002EBF33 /* AirplanesLiveService.swift in Sources */ = {isa = PBXBuildFile; fileRef = 95B0EAC1302D2977002EBF33 /* AirplanesLiveService.swift */; };
		95B0EAC4302D2E77002EBF33 /* AircraftPhotoView.swift in Sources */ = {isa = PBXBuildFile; fileRef = 95B0EAC3302D2E77002EBF33 /* AircraftPhotoView.swift */; };
		95B452FC2FD609550059921E /* AirportCoordinatesService.swift in Sources */ = {isa = PBXBuildFile; fileRef = 95B452FB2FD609520059921E /* AirportCoordinatesService.swift */; };
		95FB72222FC799DA00FA9D48 /* SkyScopeActivityAttributes.swift in Sources */ = {isa = PBXBuildFile; fileRef = 95FB72202FC799DA00FA9D48 /* SkyScopeActivityAttributes.swift */; };
		95FB72622FC8679900FA9D48 /* WidgetKit.framework in Frameworks */ = {isa = PBXBuildFile; fileRef = 95FB722A2FC7A0F600FA9D48 /* WidgetKit.framework */; };
		95FB72632FC8679900FA9D48 /* SwiftUI.framework in Frameworks */ = {isa = PBXBuildFile; fileRef = 95FB722C2FC7A0F600FA9D48 /* SwiftUI.framework */; };
		95FB72742FC8679A00FA9D48 /* SkyScope WidgetExtension.appex in Embed Foundation Extensions */ = {isa = PBXBuildFile; fileRef = 95FB72612FC8679900FA9D48 /* SkyScope WidgetExtension.appex */; settings = {ATTRIBUTES = (RemoveHeadersOnCopy, ); }; };
		95FB72792FC8696B00FA9D48 /* SkyScopeActivityAttributes.swift in Sources */ = {isa = PBXBuildFile; fileRef = 95FB72202FC799DA00FA9D48 /* SkyScopeActivityAttributes.swift */; };
		A1C6A2348BB96A1F12F80170 /* FirebaseInstallations in Frameworks */ = {isa = PBXBuildFile; productRef = EAAF28621F0086BBAD47A814 /* FirebaseInstallations */; };
		AAC18553E2C74252BA819A5F /* AppDelegate.swift in Sources */ = {isa = PBXBuildFile; fileRef = 503153570229F54343451459 /* AppDelegate.swift */; };
		C7EA84A55D3674B2AEAF1CA2 /* FirebaseCore in Frameworks */ = {isa = PBXBuildFile; productRef = 906DC6CBCA03D2B862355335 /* FirebaseCore */; };
/* End PBXBuildFile section */

/* Begin PBXContainerItemProxy section */
		95FB72722FC8679A00FA9D48 /* PBXContainerItemProxy */ = {
			isa = PBXContainerItemProxy;
			containerPortal = 95692F272FC26B4600112CE6 /* Project object */;
			proxyType = 1;
			remoteGlobalIDString = 95FB72602FC8679900FA9D48;
			remoteInfo = "SkyScope WidgetExtension";
		};
/* End PBXContainerItemProxy section */

/* Begin PBXCopyFilesBuildPhase section */
		95FB72432FC7A0F800FA9D48 /* Embed Foundation Extensions */ = {
			isa = PBXCopyFilesBuildPhase;
			buildActionMask = 2147483647;
			dstPath = "";
			dstSubfolderSpec = 13;
			files = (
				95FB72742FC8679A00FA9D48 /* SkyScope WidgetExtension.appex in Embed Foundation Extensions */,
			);
			name = "Embed Foundation Extensions";
			runOnlyForDeploymentPostprocessing = 0;
		};
/* End PBXCopyFilesBuildPhase section */

/* Begin PBXFileReference section */
		16B728161DF293C8C30AB7C8 /* GoogleService-Info.plist */ = {isa = PBXFileReference; includeInIndex = 1; lastKnownFileType = text.plist.xml; path = "GoogleService-Info.plist"; sourceTree = "<group>"; };
		503153570229F54343451459 /* AppDelegate.swift */ = {isa = PBXFileReference; includeInIndex = 1; lastKnownFileType = sourcecode.swift; path = AppDelegate.swift; sourceTree = "<group>"; };
		95692F2F2FC26B4600112CE6 /* SkyScope.app */ = {isa = PBXFileReference; explicitFileType = wrapper.application; includeInIndex = 0; path = SkyScope.app; sourceTree = BUILT_PRODUCTS_DIR; };
		95692F3D2FC26CBB00112CE6 /* CLAUDE.md */ = {isa = PBXFileReference; lastKnownFileType = net.daringfireball.markdown; path = CLAUDE.md; sourceTree = "<group>"; };
		956D58102FC3A82100E2503F /* Aircraft.swift */ = {isa = PBXFileReference; lastKnownFileType = sourcecode.swift; path = Aircraft.swift; sourceTree = "<group>"; };
		956D58112FC3A82E00E2503F /* Favorite.swift */ = {isa = PBXFileReference; lastKnownFileType = sourcecode.swift; path = Favorite.swift; sourceTree = "<group>"; };
		956D58122FC3A85200E2503F /* AppSettings.swift */ = {isa = PBXFileReference; lastKnownFileType = sourcecode.swift; path = AppSettings.swift; sourceTree = "<group>"; };
		956D58142FC3A86B00E2503F /* LocationService.swift */ = {isa = PBXFileReference; lastKnownFileType = sourcecode.swift; path = LocationService.swift; sourceTree = "<group>"; };
		956D58152FC3A88B00E2503F /* OpenSkyService.swift */ = {isa = PBXFileReference; lastKnownFileType = sourcecode.swift; path = OpenSkyService.swift; sourceTree = "<group>"; };
		956D58162FC3A8B600E2503F /* FlightAwareService.swift */ = {isa = PBXFileReference; lastKnownFileType = sourcecode.swift; path = FlightAwareService.swift; sourceTree = "<group>"; };
		956D58172FC3A8CE00E2503F /* APIRouter.swift */ = {isa = PBXFileReference; lastKnownFileType = sourcecode.swift; path = APIRouter.swift; sourceTree = "<group>"; };
		956D58192FC3A8E100E2503F /* AircraftDataStore.swift */ = {isa = PBXFileReference; lastKnownFileType = sourcecode.swift; path = AircraftDataStore.swift; sourceTree = "<group>"; };
		956D581A2FC3A8F300E2503F /* SkyScopeApp.swift */ = {isa = PBXFileReference; lastKnownFileType = sourcecode.swift; path = SkyScopeApp.swift; sourceTree = "<group>"; };
		956D581C2FC3A8FC00E2503F /* ContentView.swift */ = {isa = PBXFileReference; lastKnownFileType = sourcecode.swift; path = ContentView.swift; sourceTree = "<group>"; };
		956D58202FC3A91D00E2503F /* AircraftAnnotation.swift */ = {isa = PBXFileReference; lastKnownFileType = sourcecode.swift; path = AircraftAnnotation.swift; sourceTree = "<group>"; };
		956D58212FC3A92F00E2503F /* AircraftDetailSheet.swift */ = {isa = PBXFileReference; lastKnownFileType = sourcecode.swift; path = AircraftDetailSheet.swift; sourceTree = "<group>"; };
		956D58222FC3A94500E2503F /* MapView.swift */ = {isa = PBXFileReference; lastKnownFileType = sourcecode.swift; path = MapView.swift; sourceTree = "<group>"; };
		956D58232FC3A96100E2503F /* ListView.swift */ = {isa = PBXFileReference; lastKnownFileType = sourcecode.swift; path = ListView.swift; sourceTree = "<group>"; };
		956D58242FC3A97A00E2503F /* FavoritesView.swift */ = {isa = PBXFileReference; lastKnownFileType = sourcecode.swift; path = FavoritesView.swift; sourceTree = "<group>"; };
		956D58252FC3A98D00E2503F /* SettingsView.swift */ = {isa = PBXFileReference; lastKnownFileType = sourcecode.swift; path = SettingsView.swift; sourceTree = "<group>"; };
		956D58272FC3A9AC00E2503F /* WhatsOverMeIntent.swift */ = {isa = PBXFileReference; lastKnownFileType = sourcecode.swift; path = WhatsOverMeIntent.swift; sourceTree = "<group>"; };
		956D58372FC3B52E00E2503F /* SkyScope-Info.plist */ = {isa = PBXFileReference; lastKnownFileType = text.plist; path = "SkyScope-Info.plist"; sourceTree = "<group>"; };
		956D58382FC488A500E2503F /* NavigationCoordinator.swift */ = {isa = PBXFileReference; lastKnownFileType = sourcecode.swift; path = NavigationCoordinator.swift; sourceTree = "<group>"; };
		956D583A2FC508A000E2503F /* AdsbdbService.swift */ = {isa = PBXFileReference; lastKnownFileType = sourcecode.swift; path = AdsbdbService.swift; sourceTree = "<group>"; };
		956D583C2FC63F2800E2503F /* AircraftSilhouetteView.swift */ = {isa = PBXFileReference; lastKnownFileType = sourcecode.swift; path = AircraftSilhouetteView.swift; sourceTree = "<group>"; };
		956D583E2FC6509600E2503F /* DebugWikipediaValidatorView.swift */ = {isa = PBXFileReference; lastKnownFileType = sourcecode.swift; path = DebugWikipediaValidatorView.swift; sourceTree = "<group>"; };
		95A084252FC8FBE7003034F6 /* LiveActivityManager.swift */ = {isa = PBXFileReference; lastKnownFileType = sourcecode.swift; path = LiveActivityManager.swift; sourceTree = "<group>"; };
		95B0EAB9302A76DD002EBF33 /* FollowStore.swift */ = {isa = PBXFileReference; lastKnownFileType = sourcecode.swift; path = FollowStore.swift; sourceTree = "<group>"; };
		95B0EABB302A7E3B002EBF33 /* OnboardingView.swift */ = {isa = PBXFileReference; lastKnownFileType = sourcecode.swift; path = OnboardingView.swift; sourceTree = "<group>"; };
		95B0EABD302A7E50002EBF33 /* HelpView.swift */ = {isa = PBXFileReference; lastKnownFileType = sourcecode.swift; path = HelpView.swift; sourceTree = "<group>"; };
		95B0EABF302A7E6A002EBF33 /* FeedbackView.swift */ = {isa = PBXFileReference; lastKnownFileType = sourcecode.swift; path = FeedbackView.swift; sourceTree = "<group>"; };
		95B0EAC1302D2977002EBF33 /* AirplanesLiveService.swift */ = {isa = PBXFileReference; lastKnownFileType = sourcecode.swift; path = AirplanesLiveService.swift; sourceTree = "<group>"; };
		95B0EAC3302D2E77002EBF33 /* AircraftPhotoView.swift */ = {isa = PBXFileReference; lastKnownFileType = sourcecode.swift; path = AircraftPhotoView.swift; sourceTree = "<group>"; };
		95B452FB2FD609520059921E /* AirportCoordinatesService.swift */ = {isa = PBXFileReference; lastKnownFileType = sourcecode.swift; path = AirportCoordinatesService.swift; sourceTree = "<group>"; };
		95FB72202FC799DA00FA9D48 /* SkyScopeActivityAttributes.swift */ = {isa = PBXFileReference; lastKnownFileType = sourcecode.swift; path = SkyScopeActivityAttributes.swift; sourceTree = "<group>"; };
		95FB72232FC79CBC00FA9D48 /* SkyScope.entitlements */ = {isa = PBXFileReference; lastKnownFileType = text.plist.entitlements; path = SkyScope.entitlements; sourceTree = "<group>"; };
		95FB722A2FC7A0F600FA9D48 /* WidgetKit.framework */ = {isa = PBXFileReference; lastKnownFileType = wrapper.framework; name = WidgetKit.framework; path = System/Library/Frameworks/WidgetKit.framework; sourceTree = SDKROOT; };
		95FB722C2FC7A0F600FA9D48 /* SwiftUI.framework */ = {isa = PBXFileReference; lastKnownFileType = wrapper.framework; name = SwiftUI.framework; path = System/Library/Frameworks/SwiftUI.framework; sourceTree = SDKROOT; };
		95FB725B2FC7A31300FA9D48 /* SkyScope WidgetExtension.entitlements */ = {isa = PBXFileReference; lastKnownFileType = text.plist.entitlements; path = "SkyScope WidgetExtension.entitlements"; sourceTree = "<group>"; };
		95FB72612FC8679900FA9D48 /* SkyScope WidgetExtension.appex */ = {isa = PBXFileReference; explicitFileType = "wrapper.app-extension"; includeInIndex = 0; path = "SkyScope WidgetExtension.appex"; sourceTree = BUILT_PRODUCTS_DIR; };
/* End PBXFileReference section */

/* Begin PBXFileSystemSynchronizedBuildFileExceptionSet section */
		95FB72752FC8679A00FA9D48 /* Exceptions for "SkyScope Widget" folder in "SkyScope WidgetExtension" target */ = {
			isa = PBXFileSystemSynchronizedBuildFileExceptionSet;
			membershipExceptions = (
				Info.plist,
			);
			target = 95FB72602FC8679900FA9D48 /* SkyScope WidgetExtension */;
		};
/* End PBXFileSystemSynchronizedBuildFileExceptionSet section */

/* Begin PBXFileSystemSynchronizedRootGroup section */
		95FB72642FC8679900FA9D48 /* SkyScope Widget */ = {
			isa = PBXFileSystemSynchronizedRootGroup;
			exceptions = (
				95FB72752FC8679A00FA9D48 /* Exceptions for "SkyScope Widget" folder in "SkyScope WidgetExtension" target */,
			);
			path = "SkyScope Widget";
			sourceTree = "<group>";
		};
/* End PBXFileSystemSynchronizedRootGroup section */

/* Begin PBXFrameworksBuildPhase section */
		95692F2C2FC26B4600112CE6 /* Frameworks */ = {
			isa = PBXFrameworksBuildPhase;
			buildActionMask = 2147483647;
			files = (
				9520359D3028CA72007394C2 /* FirebaseMessaging in Frameworks */,
				C7EA84A55D3674B2AEAF1CA2 /* FirebaseCore in Frameworks */,
				A1C6A2348BB96A1F12F80170 /* FirebaseInstallations in Frameworks */,
			);
			runOnlyForDeploymentPostprocessing = 0;
		};
		95FB725E2FC8679900FA9D48 /* Frameworks */ = {
			isa = PBXFrameworksBuildPhase;
			buildActionMask = 2147483647;
			files = (
				95FB72632FC8679900FA9D48 /* SwiftUI.framework in Frameworks */,
				95FB72622FC8679900FA9D48 /* WidgetKit.framework in Frameworks */,
			);
			runOnlyForDeploymentPostprocessing = 0;
		};
/* End PBXFrameworksBuildPhase section */

/* Begin PBXGroup section */
		95692F262FC26B4600112CE6 = {
			isa = PBXGroup;
			children = (
				95B452FB2FD609520059921E /* AirportCoordinatesService.swift */,
				95A084252FC8FBE7003034F6 /* LiveActivityManager.swift */,
				95FB725B2FC7A31300FA9D48 /* SkyScope WidgetExtension.entitlements */,
				95FB72232FC79CBC00FA9D48 /* SkyScope.entitlements */,
				956D58372FC3B52E00E2503F /* SkyScope-Info.plist */,
				95692F3D2FC26CBB00112CE6 /* CLAUDE.md */,
				95FB72642FC8679900FA9D48 /* SkyScope Widget */,
				95FB72292FC7A0F600FA9D48 /* Frameworks */,
				95692F302FC26B4600112CE6 /* Products */,
				956D580F2FC3A82100E2503F /* Models */,
				956D58132FC3A86B00E2503F /* Services */,
				956D58182FC3A8E100E2503F /* ViewModels */,
				956D581C2FC3A8FC00E2503F /* ContentView.swift */,
				956D581E2FC3A91000E2503F /* Views */,
				956D58262FC3A9AC00E2503F /* Intents */,
				95FB72212FC799DA00FA9D48 /* LiveActivity */,
				16B728161DF293C8C30AB7C8 /* GoogleService-Info.plist */,
				503153570229F54343451459 /* AppDelegate.swift */,
				95B0EAAA302A7391002EBF33 /* Recovered References */,
			);
			sourceTree = "<group>";
		};
		95692F302FC26B4600112CE6 /* Products */ = {
			isa = PBXGroup;
			children = (
				95692F2F2FC26B4600112CE6 /* SkyScope.app */,
				95FB72612FC8679900FA9D48 /* SkyScope WidgetExtension.appex */,
			);
			name = Products;
			sourceTree = "<group>";
		};
		956D580F2FC3A82100E2503F /* Models */ = {
			isa = PBXGroup;
			children = (
				956D58102FC3A82100E2503F /* Aircraft.swift */,
				956D58112FC3A82E00E2503F /* Favorite.swift */,
				956D58122FC3A85200E2503F /* AppSettings.swift */,
			);
			path = Models;
			sourceTree = "<group>";
		};
		956D58132FC3A86B00E2503F /* Services */ = {
			isa = PBXGroup;
			children = (
				956D583A2FC508A000E2503F /* AdsbdbService.swift */,
				956D58142FC3A86B00E2503F /* LocationService.swift */,
				956D58152FC3A88B00E2503F /* OpenSkyService.swift */,
				956D58162FC3A8B600E2503F /* FlightAwareService.swift */,
				956D58172FC3A8CE00E2503F /* APIRouter.swift */,
				95B0EAC1302D2977002EBF33 /* AirplanesLiveService.swift */,
			);
			path = Services;
			sourceTree = "<group>";
		};
		956D58182FC3A8E100E2503F /* ViewModels */ = {
			isa = PBXGroup;
			children = (
				956D58192FC3A8E100E2503F /* AircraftDataStore.swift */,
				956D58382FC488A500E2503F /* NavigationCoordinator.swift */,
				95B0EAB9302A76DD002EBF33 /* FollowStore.swift */,
			);
			path = ViewModels;
			sourceTree = "<group>";
		};
		956D581E2FC3A91000E2503F /* Views */ = {
			isa = PBXGroup;
			children = (
				956D583E2FC6509600E2503F /* DebugWikipediaValidatorView.swift */,
				956D581F2FC3A91600E2503F /* Components */,
				956D58222FC3A94500E2503F /* MapView.swift */,
				956D58232FC3A96100E2503F /* ListView.swift */,
				956D58242FC3A97A00E2503F /* FavoritesView.swift */,
				956D58252FC3A98D00E2503F /* SettingsView.swift */,
				95B0EABB302A7E3B002EBF33 /* OnboardingView.swift */,
				95B0EABD302A7E50002EBF33 /* HelpView.swift */,
				95B0EABF302A7E6A002EBF33 /* FeedbackView.swift */,
			);
			path = Views;
			sourceTree = "<group>";
		};
		956D581F2FC3A91600E2503F /* Components */ = {
			isa = PBXGroup;
			children = (
				956D583C2FC63F2800E2503F /* AircraftSilhouetteView.swift */,
				956D58202FC3A91D00E2503F /* AircraftAnnotation.swift */,
				956D58212FC3A92F00E2503F /* AircraftDetailSheet.swift */,
				95B0EAC3302D2E77002EBF33 /* AircraftPhotoView.swift */,
			);
			path = Components;
			sourceTree = "<group>";
		};
		956D58262FC3A9AC00E2503F /* Intents */ = {
			isa = PBXGroup;
			children = (
				956D58272FC3A9AC00E2503F /* WhatsOverMeIntent.swift */,
			);
			path = Intents;
			sourceTree = "<group>";
		};
		95B0EAAA302A7391002EBF33 /* Recovered References */ = {
			isa = PBXGroup;
			children = (
				956D581A2FC3A8F300E2503F /* SkyScopeApp.swift */,
			);
			name = "Recovered References";
			sourceTree = "<group>";
		};
		95FB72212FC799DA00FA9D48 /* LiveActivity */ = {
			isa = PBXGroup;
			children = (
				95FB72202FC799DA00FA9D48 /* SkyScopeActivityAttributes.swift */,
			);
			path = LiveActivity;
			sourceTree = "<group>";
		};
		95FB72292FC7A0F600FA9D48 /* Frameworks */ = {
			isa = PBXGroup;
			children = (
				95FB722A2FC7A0F600FA9D48 /* WidgetKit.framework */,
				95FB722C2FC7A0F600FA9D48 /* SwiftUI.framework */,
			);
			name = Frameworks;
			sourceTree = "<group>";
		};
/* End PBXGroup section */

/* Begin PBXNativeTarget section */
		95692F2E2FC26B4600112CE6 /* SkyScope */ = {
			isa = PBXNativeTarget;
			buildConfigurationList = 95692F3A2FC26B4700112CE6 /* Build configuration list for PBXNativeTarget "SkyScope" */;
			buildPhases = (
				95692F2B2FC26B4600112CE6 /* Sources */,
				95692F2C2FC26B4600112CE6 /* Frameworks */,
				95692F2D2FC26B4600112CE6 /* Resources */,
				95FB72432FC7A0F800FA9D48 /* Embed Foundation Extensions */,
			);
			buildRules = (
			);
			dependencies = (
				95FB72732FC8679A00FA9D48 /* PBXTargetDependency */,
			);
			name = SkyScope;
			packageProductDependencies = (
				9520359C3028CA72007394C2 /* FirebaseMessaging */,
				906DC6CBCA03D2B862355335 /* FirebaseCore */,
				EAAF28621F0086BBAD47A814 /* FirebaseInstallations */,
			);
			productName = SkyScope;
			productReference = 95692F2F2FC26B4600112CE6 /* SkyScope.app */;
			productType = "com.apple.product-type.application";
		};
		95FB72602FC8679900FA9D48 /* SkyScope WidgetExtension */ = {
			isa = PBXNativeTarget;
			buildConfigurationList = 95FB72762FC8679A00FA9D48 /* Build configuration list for PBXNativeTarget "SkyScope WidgetExtension" */;
			buildPhases = (
				95FB725D2FC8679900FA9D48 /* Sources */,
				95FB725E2FC8679900FA9D48 /* Frameworks */,
				95FB725F2FC8679900FA9D48 /* Resources */,
			);
			buildRules = (
			);
			dependencies = (
			);
			fileSystemSynchronizedGroups = (
				95FB72642FC8679900FA9D48 /* SkyScope Widget */,
			);
			name = "SkyScope WidgetExtension";
			productName = "SkyScope WidgetExtension";
			productReference = 95FB72612FC8679900FA9D48 /* SkyScope WidgetExtension.appex */;
			productType = "com.apple.product-type.app-extension";
		};
/* End PBXNativeTarget section */

/* Begin PBXProject section */
		95692F272FC26B4600112CE6 /* Project object */ = {
			isa = PBXProject;
			attributes = {
				BuildIndependentTargetsInParallel = 1;
				LastSwiftUpdateCheck = 2650;
				LastUpgradeCheck = 2650;
				TargetAttributes = {
					95692F2E2FC26B4600112CE6 = {
						CreatedOnToolsVersion = 26.5;
					};
					95FB72602FC8679900FA9D48 = {
						CreatedOnToolsVersion = 26.5;
					};
				};
			};
			buildConfigurationList = 95692F2A2FC26B4600112CE6 /* Build configuration list for PBXProject "SkyScope" */;
			developmentRegion = en;
			hasScannedForEncodings = 0;
			knownRegions = (
				en,
				Base,
			);
			mainGroup = 95692F262FC26B4600112CE6;
			minimizedProjectReferenceProxies = 1;
			packageReferences = (
				9520359B3028CA72007394C2 /* XCRemoteSwiftPackageReference "firebase-ios-sdk" */,
			);
			preferredProjectObjectVersion = 77;
			productRefGroup = 95692F302FC26B4600112CE6 /* Products */;
			projectDirPath = "";
			projectRoot = "";
			targets = (
				95692F2E2FC26B4600112CE6 /* SkyScope */,
				95FB72602FC8679900FA9D48 /* SkyScope WidgetExtension */,
			);
		};
/* End PBXProject section */

/* Begin PBXResourcesBuildPhase section */
		95692F2D2FC26B4600112CE6 /* Resources */ = {
			isa = PBXResourcesBuildPhase;
			buildActionMask = 2147483647;
			files = (
				95692F3E2FC26CBB00112CE6 /* CLAUDE.md in Resources */,
				3C10F924338CD75CE93EBF4D /* GoogleService-Info.plist in Resources */,
			);
			runOnlyForDeploymentPostprocessing = 0;
		};
		95FB725F2FC8679900FA9D48 /* Resources */ = {
			isa = PBXResourcesBuildPhase;
			buildActionMask = 2147483647;
			files = (
			);
			runOnlyForDeploymentPostprocessing = 0;
		};
/* End PBXResourcesBuildPhase section */

/* Begin PBXSourcesBuildPhase section */
		95692F2B2FC26B4600112CE6 /* Sources */ = {
			isa = PBXSourcesBuildPhase;
			buildActionMask = 2147483647;
			files = (
				956D581D2FC3A8FC00E2503F /* ContentView.swift in Sources */,
				956D581B2FC3A8F300E2503F /* SkyScopeApp.swift in Sources */,
				95A084262FC8FBE7003034F6 /* LiveActivityManager.swift in Sources */,
				95B0EABC302A7E3C002EBF33 /* OnboardingView.swift in Sources */,
				95FB72222FC799DA00FA9D48 /* SkyScopeActivityAttributes.swift in Sources */,
				95B0EABE302A7E50002EBF33 /* HelpView.swift in Sources */,
				956D58282FC3AED100E2503F /* ListView.swift in Sources */,
				956D583F2FC6509600E2503F /* DebugWikipediaValidatorView.swift in Sources */,
				956D58292FC3AED100E2503F /* FlightAwareService.swift in Sources */,
				956D58392FC488A500E2503F /* NavigationCoordinator.swift in Sources */,
				956D582A2FC3AED100E2503F /* MapView.swift in Sources */,
				95B0EAC2302D2977002EBF33 /* AirplanesLiveService.swift in Sources */,
				956D582B2FC3AED100E2503F /* AircraftAnnotation.swift in Sources */,
				95B0EAC0302A7E6A002EBF33 /* FeedbackView.swift in Sources */,
				956D582C2FC3AED100E2503F /* Aircraft.swift in Sources */,
				956D583D2FC63F2800E2503F /* AircraftSilhouetteView.swift in Sources */,
				956D582D2FC3AED100E2503F /* AppSettings.swift in Sources */,
				956D582E2FC3AED100E2503F /* AircraftDetailSheet.swift in Sources */,
				956D582F2FC3AED100E2503F /* FavoritesView.swift in Sources */,
				95B0EAC4302D2E77002EBF33 /* AircraftPhotoView.swift in Sources */,
				95B452FC2FD609550059921E /* AirportCoordinatesService.swift in Sources */,
				956D58302FC3AED100E2503F /* AircraftDataStore.swift in Sources */,
				95B0EABA302A76DD002EBF33 /* FollowStore.swift in Sources */,
				956D58312FC3AED100E2503F /* LocationService.swift in Sources */,
				956D58322FC3AED100E2503F /* WhatsOverMeIntent.swift in Sources */,
				956D58332FC3AED100E2503F /* Favorite.swift in Sources */,
				956D58342FC3AED100E2503F /* OpenSkyService.swift in Sources */,
				956D58352FC3AED100E2503F /* APIRouter.swift in Sources */,
				956D58362FC3AED100E2503F /* SettingsView.swift in Sources */,
				956D583B2FC508A000E2503F /* AdsbdbService.swift in Sources */,
				AAC18553E2C74252BA819A5F /* AppDelegate.swift in Sources */,
			);
			runOnlyForDeploymentPostprocessing = 0;
		};
		95FB725D2FC8679900FA9D48 /* Sources */ = {
			isa = PBXSourcesBuildPhase;
			buildActionMask = 2147483647;
			files = (
				95FB72792FC8696B00FA9D48 /* SkyScopeActivityAttributes.swift in Sources */,
			);
			runOnlyForDeploymentPostprocessing = 0;
		};
/* End PBXSourcesBuildPhase section */

/* Begin PBXTargetDependency section */
		95FB72732FC8679A00FA9D48 /* PBXTargetDependency */ = {
			isa = PBXTargetDependency;
			target = 95FB72602FC8679900FA9D48 /* SkyScope WidgetExtension */;
			targetProxy = 95FB72722FC8679A00FA9D48 /* PBXContainerItemProxy */;
		};
/* End PBXTargetDependency section */

/* Begin XCBuildConfiguration section */
		95692F382FC26B4700112CE6 /* Debug */ = {
			isa = XCBuildConfiguration;
			buildSettings = {
				ALWAYS_SEARCH_USER_PATHS = NO;
				ASSETCATALOG_COMPILER_GENERATE_SWIFT_ASSET_SYMBOL_EXTENSIONS = YES;
				CLANG_ANALYZER_NONNULL = YES;
				CLANG_ANALYZER_NUMBER_OBJECT_CONVERSION = YES_AGGRESSIVE;
				CLANG_CXX_LANGUAGE_STANDARD = "gnu++20";
				CLANG_ENABLE_MODULES = YES;
				CLANG_ENABLE_OBJC_ARC = YES;
				CLANG_ENABLE_OBJC_WEAK = YES;
				CLANG_WARN_BLOCK_CAPTURE_AUTORELEASING = YES;
				CLANG_WARN_BOOL_CONVERSION = YES;
				CLANG_WARN_COMMA = YES;
				CLANG_WARN_CONSTANT_CONVERSION = YES;
				CLANG_WARN_DEPRECATED_OBJC_IMPLEMENTATIONS = YES;
				CLANG_WARN_DIRECT_OBJC_ISA_USAGE = YES_ERROR;
				CLANG_WARN_DOCUMENTATION_COMMENTS = YES;
				CLANG_WARN_EMPTY_BODY = YES;
				CLANG_WARN_ENUM_CONVERSION = YES;
				CLANG_WARN_INFINITE_RECURSION = YES;
				CLANG_WARN_INT_CONVERSION = YES;
				CLANG_WARN_NON_LITERAL_NULL_CONVERSION = YES;
				CLANG_WARN_OBJC_IMPLICIT_RETAIN_SELF = YES;
				CLANG_WARN_OBJC_LITERAL_CONVERSION = YES;
				CLANG_WARN_OBJC_ROOT_CLASS = YES_ERROR;
				CLANG_WARN_QUOTED_INCLUDE_IN_FRAMEWORK_HEADER = YES;
				CLANG_WARN_RANGE_LOOP_ANALYSIS = YES;
				CLANG_WARN_STRICT_PROTOTYPES = YES;
				CLANG_WARN_SUSPICIOUS_MOVE = YES;
				CLANG_WARN_UNGUARDED_AVAILABILITY = YES_AGGRESSIVE;
				CLANG_WARN_UNREACHABLE_CODE = YES;
				CLANG_WARN__DUPLICATE_METHOD_MATCH = YES;
				COPY_PHASE_STRIP = NO;
				DEBUG_INFORMATION_FORMAT = dwarf;
				ENABLE_STRICT_OBJC_MSGSEND = YES;
				ENABLE_TESTABILITY = YES;
				ENABLE_USER_SCRIPT_SANDBOXING = YES;
				GCC_C_LANGUAGE_STANDARD = gnu17;
				GCC_DYNAMIC_NO_PIC = NO;
				GCC_NO_COMMON_BLOCKS = YES;
				GCC_OPTIMIZATION_LEVEL = 0;
				GCC_PREPROCESSOR_DEFINITIONS = (
					"DEBUG=1",
					"$(inherited)",
				);
				GCC_WARN_64_TO_32_BIT_CONVERSION = YES;
				GCC_WARN_ABOUT_RETURN_TYPE = YES_ERROR;
				GCC_WARN_UNDECLARED_SELECTOR = YES;
				GCC_WARN_UNINITIALIZED_AUTOS = YES_AGGRESSIVE;
				GCC_WARN_UNUSED_FUNCTION = YES;
				GCC_WARN_UNUSED_VARIABLE = YES;
				IPHONEOS_DEPLOYMENT_TARGET = 26.5;
				LOCALIZATION_PREFERS_STRING_CATALOGS = YES;
				MTL_ENABLE_DEBUG_INFO = INCLUDE_SOURCE;
				MTL_FAST_MATH = YES;
				ONLY_ACTIVE_ARCH = YES;
				SDKROOT = iphoneos;
				SWIFT_ACTIVE_COMPILATION_CONDITIONS = "DEBUG $(inherited)";
				SWIFT_OPTIMIZATION_LEVEL = "-Onone";
			};
			name = Debug;
		};
		95692F392FC26B4700112CE6 /* Release */ = {
			isa = XCBuildConfiguration;
			buildSettings = {
				ALWAYS_SEARCH_USER_PATHS = NO;
				ASSETCATALOG_COMPILER_GENERATE_SWIFT_ASSET_SYMBOL_EXTENSIONS = YES;
				CLANG_ANALYZER_NONNULL = YES;
				CLANG_ANALYZER_NUMBER_OBJECT_CONVERSION = YES_AGGRESSIVE;
				CLANG_CXX_LANGUAGE_STANDARD = "gnu++20";
				CLANG_ENABLE_MODULES = YES;
				CLANG_ENABLE_OBJC_ARC = YES;
				CLANG_ENABLE_OBJC_WEAK = YES;
				CLANG_WARN_BLOCK_CAPTURE_AUTORELEASING = YES;
				CLANG_WARN_BOOL_CONVERSION = YES;
				CLANG_WARN_COMMA = YES;
				CLANG_WARN_CONSTANT_CONVERSION = YES;
				CLANG_WARN_DEPRECATED_OBJC_IMPLEMENTATIONS = YES;
				CLANG_WARN_DIRECT_OBJC_ISA_USAGE = YES_ERROR;
				CLANG_WARN_DOCUMENTATION_COMMENTS = YES;
				CLANG_WARN_EMPTY_BODY = YES;
				CLANG_WARN_ENUM_CONVERSION = YES;
				CLANG_WARN_INFINITE_RECURSION = YES;
				CLANG_WARN_INT_CONVERSION = YES;
				CLANG_WARN_NON_LITERAL_NULL_CONVERSION = YES;
				CLANG_WARN_OBJC_IMPLICIT_RETAIN_SELF = YES;
				CLANG_WARN_OBJC_LITERAL_CONVERSION = YES;
				CLANG_WARN_OBJC_ROOT_CLASS = YES_ERROR;
				CLANG_WARN_QUOTED_INCLUDE_IN_FRAMEWORK_HEADER = YES;
				CLANG_WARN_RANGE_LOOP_ANALYSIS = YES;
				CLANG_WARN_STRICT_PROTOTYPES = YES;
				CLANG_WARN_SUSPICIOUS_MOVE = YES;
				CLANG_WARN_UNGUARDED_AVAILABILITY = YES_AGGRESSIVE;
				CLANG_WARN_UNREACHABLE_CODE = YES;
				CLANG_WARN__DUPLICATE_METHOD_MATCH = YES;
				COPY_PHASE_STRIP = NO;
				DEBUG_INFORMATION_FORMAT = "dwarf-with-dsym";
				ENABLE_NS_ASSERTIONS = NO;
				ENABLE_STRICT_OBJC_MSGSEND = YES;
				ENABLE_USER_SCRIPT_SANDBOXING = YES;
				GCC_C_LANGUAGE_STANDARD = gnu17;
				GCC_NO_COMMON_BLOCKS = YES;
				GCC_WARN_64_TO_32_BIT_CONVERSION = YES;
				GCC_WARN_ABOUT_RETURN_TYPE = YES_ERROR;
				GCC_WARN_UNDECLARED_SELECTOR = YES;
				GCC_WARN_UNINITIALIZED_AUTOS = YES_AGGRESSIVE;
				GCC_WARN_UNUSED_FUNCTION = YES;
				GCC_WARN_UNUSED_VARIABLE = YES;
				IPHONEOS_DEPLOYMENT_TARGET = 26.5;
				LOCALIZATION_PREFERS_STRING_CATALOGS = YES;
				MTL_ENABLE_DEBUG_INFO = NO;
				MTL_FAST_MATH = YES;
				SDKROOT = iphoneos;
				SWIFT_COMPILATION_MODE = wholemodule;
				VALIDATE_PRODUCT = YES;
			};
			name = Release;
		};
		95692F3B2FC26B4700112CE6 /* Debug */ = {
			isa = XCBuildConfiguration;
			buildSettings = {
				ASSETCATALOG_COMPILER_APPICON_NAME = AppIcon;
				ASSETCATALOG_COMPILER_GLOBAL_ACCENT_COLOR_NAME = AccentColor;
				CODE_SIGN_ENTITLEMENTS = SkyScope.entitlements;
				CODE_SIGN_IDENTITY = "Apple Development";
				CODE_SIGN_STYLE = Automatic;
				CURRENT_PROJECT_VERSION = 1;
				DEVELOPMENT_TEAM = 9XW69X88LP;
				ENABLE_PREVIEWS = YES;
				GENERATE_INFOPLIST_FILE = YES;
				INFOPLIST_FILE = "SkyScope-Info.plist";
				INFOPLIST_KEY_NSLocationAlwaysAndWhenInUseUsageDescription = "kyScope uses your location to find aircraft nearby — including while the screen is locked, so Live Activities can keep updating.";
				INFOPLIST_KEY_NSLocationWhenInUseUsageDescription = "SkyScope uses your location to find aircraft flying near you.";
				INFOPLIST_KEY_NSSupportsLiveActivities = YES;
				INFOPLIST_KEY_UIApplicationSceneManifest_Generation = YES;
				INFOPLIST_KEY_UIApplicationSupportsIndirectInputEvents = YES;
				INFOPLIST_KEY_UILaunchScreen_Generation = YES;
				INFOPLIST_KEY_UISupportedInterfaceOrientations_iPad = "UIInterfaceOrientationPortrait UIInterfaceOrientationPortraitUpsideDown UIInterfaceOrientationLandscapeLeft UIInterfaceOrientationLandscapeRight";
				INFOPLIST_KEY_UISupportedInterfaceOrientations_iPhone = "UIInterfaceOrientationPortrait UIInterfaceOrientationLandscapeLeft UIInterfaceOrientationLandscapeRight";
				LD_RUNPATH_SEARCH_PATHS = (
					"$(inherited)",
					"@executable_path/Frameworks",
				);
				MARKETING_VERSION = 1.0;
				PRODUCT_BUNDLE_IDENTIFIER = DK.SkyScope;
				PRODUCT_NAME = "$(TARGET_NAME)";
				PROVISIONING_PROFILE_SPECIFIER = "";
				STRING_CATALOG_GENERATE_SYMBOLS = YES;
				SWIFT_APPROACHABLE_CONCURRENCY = YES;
				SWIFT_DEFAULT_ACTOR_ISOLATION = MainActor;
				SWIFT_EMIT_LOC_STRINGS = YES;
				SWIFT_UPCOMING_FEATURE_MEMBER_IMPORT_VISIBILITY = YES;
				SWIFT_VERSION = 5.0;
				TARGETED_DEVICE_FAMILY = "1,2";
			};
			name = Debug;
		};
		95692F3C2FC26B4700112CE6 /* Release */ = {
			isa = XCBuildConfiguration;
			buildSettings = {
				ASSETCATALOG_COMPILER_APPICON_NAME = AppIcon;
				ASSETCATALOG_COMPILER_GLOBAL_ACCENT_COLOR_NAME = AccentColor;
				CODE_SIGN_ENTITLEMENTS = SkyScope.entitlements;
				CODE_SIGN_IDENTITY = "Apple Development";
				CODE_SIGN_STYLE = Automatic;
				CURRENT_PROJECT_VERSION = 1;
				DEVELOPMENT_TEAM = 9XW69X88LP;
				ENABLE_PREVIEWS = YES;
				GENERATE_INFOPLIST_FILE = YES;
				INFOPLIST_FILE = "SkyScope-Info.plist";
				INFOPLIST_KEY_NSLocationAlwaysAndWhenInUseUsageDescription = "kyScope uses your location to find aircraft nearby — including while the screen is locked, so Live Activities can keep updating.";
				INFOPLIST_KEY_NSLocationWhenInUseUsageDescription = "SkyScope uses your location to find aircraft flying near you.";
				INFOPLIST_KEY_NSSupportsLiveActivities = YES;
				INFOPLIST_KEY_UIApplicationSceneManifest_Generation = YES;
				INFOPLIST_KEY_UIApplicationSupportsIndirectInputEvents = YES;
				INFOPLIST_KEY_UILaunchScreen_Generation = YES;
				INFOPLIST_KEY_UISupportedInterfaceOrientations_iPad = "UIInterfaceOrientationPortrait UIInterfaceOrientationPortraitUpsideDown UIInterfaceOrientationLandscapeLeft UIInterfaceOrientationLandscapeRight";
				INFOPLIST_KEY_UISupportedInterfaceOrientations_iPhone = "UIInterfaceOrientationPortrait UIInterfaceOrientationLandscapeLeft UIInterfaceOrientationLandscapeRight";
				LD_RUNPATH_SEARCH_PATHS = (
					"$(inherited)",
					"@executable_path/Frameworks",
				);
				MARKETING_VERSION = 1.0;
				PRODUCT_BUNDLE_IDENTIFIER = DK.SkyScope;
				PRODUCT_NAME = "$(TARGET_NAME)";
				PROVISIONING_PROFILE_SPECIFIER = "";
				STRING_CATALOG_GENERATE_SYMBOLS = YES;
				SWIFT_APPROACHABLE_CONCURRENCY = YES;
				SWIFT_DEFAULT_ACTOR_ISOLATION = MainActor;
				SWIFT_EMIT_LOC_STRINGS = YES;
				SWIFT_UPCOMING_FEATURE_MEMBER_IMPORT_VISIBILITY = YES;
				SWIFT_VERSION = 5.0;
				TARGETED_DEVICE_FAMILY = "1,2";
			};
			name = Release;
		};
		95FB72772FC8679A00FA9D48 /* Debug */ = {
			isa = XCBuildConfiguration;
			buildSettings = {
				ASSETCATALOG_COMPILER_GLOBAL_ACCENT_COLOR_NAME = AccentColor;
				ASSETCATALOG_COMPILER_WIDGET_BACKGROUND_COLOR_NAME = WidgetBackground;
				CODE_SIGN_ENTITLEMENTS = "SkyScope WidgetExtension.entitlements";
				CODE_SIGN_IDENTITY = "Apple Development";
				CODE_SIGN_STYLE = Automatic;
				CURRENT_PROJECT_VERSION = 1;
				DEVELOPMENT_TEAM = 9XW69X88LP;
				GENERATE_INFOPLIST_FILE = YES;
				INFOPLIST_FILE = "SkyScope Widget/Info.plist";
				INFOPLIST_KEY_CFBundleDisplayName = "SkyScope Widget";
				INFOPLIST_KEY_NSHumanReadableCopyright = "";
				LD_RUNPATH_SEARCH_PATHS = (
					"$(inherited)",
					"@executable_path/Frameworks",
					"@executable_path/../../Frameworks",
				);
				MARKETING_VERSION = 1.0;
				PRODUCT_BUNDLE_IDENTIFIER = "DK.SkyScope.SkyScope-Widget";
				PRODUCT_NAME = "$(TARGET_NAME)";
				SKIP_INSTALL = YES;
				STRING_CATALOG_GENERATE_SYMBOLS = YES;
				SWIFT_APPROACHABLE_CONCURRENCY = YES;
				SWIFT_EMIT_LOC_STRINGS = YES;
				SWIFT_UPCOMING_FEATURE_MEMBER_IMPORT_VISIBILITY = YES;
				SWIFT_VERSION = 5.0;
				TARGETED_DEVICE_FAMILY = "1,2";
			};
			name = Debug;
		};
		95FB72782FC8679A00FA9D48 /* Release */ = {
			isa = XCBuildConfiguration;
			buildSettings = {
				ASSETCATALOG_COMPILER_GLOBAL_ACCENT_COLOR_NAME = AccentColor;
				ASSETCATALOG_COMPILER_WIDGET_BACKGROUND_COLOR_NAME = WidgetBackground;
				CODE_SIGN_ENTITLEMENTS = "SkyScope WidgetExtension.entitlements";
				CODE_SIGN_IDENTITY = "Apple Development";
				CODE_SIGN_STYLE = Automatic;
				CURRENT_PROJECT_VERSION = 1;
				DEVELOPMENT_TEAM = 9XW69X88LP;
				GENERATE_INFOPLIST_FILE = YES;
				INFOPLIST_FILE = "SkyScope Widget/Info.plist";
				INFOPLIST_KEY_CFBundleDisplayName = "SkyScope Widget";
				INFOPLIST_KEY_NSHumanReadableCopyright = "";
				LD_RUNPATH_SEARCH_PATHS = (
					"$(inherited)",
					"@executable_path/Frameworks",
					"@executable_path/../../Frameworks",
				);
				MARKETING_VERSION = 1.0;
				PRODUCT_BUNDLE_IDENTIFIER = "DK.SkyScope.SkyScope-Widget";
				PRODUCT_NAME = "$(TARGET_NAME)";
				SKIP_INSTALL = YES;
				STRING_CATALOG_GENERATE_SYMBOLS = YES;
				SWIFT_APPROACHABLE_CONCURRENCY = YES;
				SWIFT_EMIT_LOC_STRINGS = YES;
				SWIFT_UPCOMING_FEATURE_MEMBER_IMPORT_VISIBILITY = YES;
				SWIFT_VERSION = 5.0;
				TARGETED_DEVICE_FAMILY = "1,2";
			};
			name = Release;
		};
/* End XCBuildConfiguration section */

/* Begin XCConfigurationList section */
		95692F2A2FC26B4600112CE6 /* Build configuration list for PBXProject "SkyScope" */ = {
			isa = XCConfigurationList;
			buildConfigurations = (
				95692F382FC26B4700112CE6 /* Debug */,
				95692F392FC26B4700112CE6 /* Release */,
			);
			defaultConfigurationIsVisible = 0;
			defaultConfigurationName = Release;
		};
		95692F3A2FC26B4700112CE6 /* Build configuration list for PBXNativeTarget "SkyScope" */ = {
			isa = XCConfigurationList;
			buildConfigurations = (
				95692F3B2FC26B4700112CE6 /* Debug */,
				95692F3C2FC26B4700112CE6 /* Release */,
			);
			defaultConfigurationIsVisible = 0;
			defaultConfigurationName = Release;
		};
		95FB72762FC8679A00FA9D48 /* Build configuration list for PBXNativeTarget "SkyScope WidgetExtension" */ = {
			isa = XCConfigurationList;
			buildConfigurations = (
				95FB72772FC8679A00FA9D48 /* Debug */,
				95FB72782FC8679A00FA9D48 /* Release */,
			);
			defaultConfigurationIsVisible = 0;
			defaultConfigurationName = Release;
		};
/* End XCConfigurationList section */

/* Begin XCRemoteSwiftPackageReference section */
		9520359B3028CA72007394C2 /* XCRemoteSwiftPackageReference "firebase-ios-sdk" */ = {
			isa = XCRemoteSwiftPackageReference;
			repositoryURL = "https://github.com/firebase/firebase-ios-sdk";
			requirement = {
				kind = upToNextMajorVersion;
				minimumVersion = 12.17.0;
			};
		};
/* End XCRemoteSwiftPackageReference section */

/* Begin XCSwiftPackageProductDependency section */
		906DC6CBCA03D2B862355335 /* FirebaseCore */ = {
			isa = XCSwiftPackageProductDependency;
			package = 9520359B3028CA72007394C2 /* XCRemoteSwiftPackageReference "firebase-ios-sdk" */;
			productName = FirebaseCore;
		};
		9520359C3028CA72007394C2 /* FirebaseMessaging */ = {
			isa = XCSwiftPackageProductDependency;
			package = 9520359B3028CA72007394C2 /* XCRemoteSwiftPackageReference "firebase-ios-sdk" */;
			productName = FirebaseMessaging;
		};
		EAAF28621F0086BBAD47A814 /* FirebaseInstallations */ = {
			isa = XCSwiftPackageProductDependency;
			package = 9520359B3028CA72007394C2 /* XCRemoteSwiftPackageReference "firebase-ios-sdk" */;
			productName = FirebaseInstallations;
		};
/* End XCSwiftPackageProductDependency section */
	};
	rootObject = 95692F272FC26B4600112CE6 /* Project object */;
}
